<?xml version="1.0" encoding="utf-8"?>
<Project ToolsVersion="4.0" xmlns="http://schemas.microsoft.com/developer/msbuild/2003">
  <ItemGroup>
    <Filter Include="Source Files">
      <UniqueIdentifier>{be6ae6a5-b46b-498b-8bfb-8dd6a84aae9c}</UniqueIdentifier>
      <Extensions>cpp;c;cxx;rc;def;r;odl;idl;hpj;bat</Extensions>
    </Filter>
    <Filter Include="Header Files">
      <UniqueIdentifier>{7dfa54cc-2bc9-4a09-a299-e8f79ac980c4}</UniqueIdentifier>
      <Extensions>h;hpp;hxx;hm;inl</Extensions>
    </Filter>
    <Filter Include="Resource Files">
      <UniqueIdentifier>{2ec37943-6a83-4469-9615-7268ea22a212}</UniqueIdentifier>
      <Extensions>ico;cur;bmp;dlg;rc2;rct;bin;rgs;gif;jpg;jpeg;jpe</Extensions>
    </Filter>
  </ItemGroup>
  <ItemGroup>
    <ClCompile Include="blast.cpp">
      <Filter>Source Files</Filter>
    </ClCompile>
    <ClCompile Include="locator.cpp">
      <Filter>Source Files</Filter>
    </ClCompile>
  </ItemGroup>
  <ItemGroup>
    <ClInclude Include="blast.h">
      <Filter>Header Files</Filter>
    </ClInclude>
    <ClInclude Include="locator.h">
      <Filter>Header Files</Filter>
    </ClInclude>
  </ItemGroup>
</Project>