<?xml version="1.0" encoding="utf-8"?>
<Project ToolsVersion="4.0" xmlns="http://schemas.microsoft.com/developer/msbuild/2003">
  <ItemGroup>
    <Filter Include="Source Files">
      <UniqueIdentifier>{abcc32bd-4d7f-4337-8cb5-4fe68d076466}</UniqueIdentifier>
      <Extensions>cpp;c;cxx;rc;def;r;odl;idl;hpj;bat</Extensions>
    </Filter>
    <Filter Include="Header Files">
      <UniqueIdentifier>{004ed2dc-cb76-4cbe-bad6-e7c55131abc2}</UniqueIdentifier>
      <Extensions>h;hpp;hxx;hm;inl</Extensions>
    </Filter>
    <Filter Include="Resource Files">
      <UniqueIdentifier>{b101405b-8d0e-462f-94b1-1638a115f96e}</UniqueIdentifier>
      <Extensions>ico;cur;bmp;dlg;rc2;rct;bin;rgs;gif;jpg;jpeg;jpe</Extensions>
    </Filter>
    <Filter Include="Data">
      <UniqueIdentifier>{0f262525-e06a-43cf-a363-d6cb0b1185eb}</UniqueIdentifier>
    </Filter>
  </ItemGroup>
  <ItemGroup>
    <ClCompile Include="EnvMap.cpp">
      <Filter>Source Files</Filter>
    </ClCompile>
    <ClCompile Include="sea.cpp">
      <Filter>Source Files</Filter>
    </ClCompile>
  </ItemGroup>
  <ItemGroup>
    <ClInclude Include="sea.h">
      <Filter>Header Files</Filter>
    </ClInclude>
    <ClInclude Include="..\Common_h\sea_base.h">
      <Filter>Header Files</Filter>
    </ClInclude>
    <ClInclude Include="SSE.h">
      <Filter>Header Files</Filter>
    </ClInclude>
  </ItemGroup>
  <ItemGroup>
    <None Include="..\Engine\Modules\Techniques\Weather\Sea\Sea2.sha">
      <Filter>Data</Filter>
    </None>
  </ItemGroup>
</Project>