<?xml version="1.0" encoding="utf-8"?>
<Project ToolsVersion="4.0" xmlns="http://schemas.microsoft.com/developer/msbuild/2003">
  <ItemGroup>
    <Filter Include="main">
      <UniqueIdentifier>{09f98878-86d5-4bed-a46e-c147dacac4b7}</UniqueIdentifier>
    </Filter>
    <Filter Include="gui">
      <UniqueIdentifier>{140f3554-0def-43fe-a6e1-aaf2e1b07d4a}</UniqueIdentifier>
    </Filter>
  </ItemGroup>
  <ItemGroup>
    <ClCompile Include="EditorManager.cpp">
      <Filter>main</Filter>
    </ClCompile>
    <ClCompile Include="InterfaceEditor.cpp">
      <Filter>main</Filter>
    </ClCompile>
    <ClCompile Include="gui\mousepointer.cpp">
      <Filter>gui</Filter>
    </ClCompile>
    <ClCompile Include="gui\node.cpp">
      <Filter>gui</Filter>
    </ClCompile>
    <ClCompile Include="gui\utils.cpp">
      <Filter>gui</Filter>
    </ClCompile>
  </ItemGroup>
  <ItemGroup>
    <ClInclude Include="EditorManager.h">
      <Filter>main</Filter>
    </ClInclude>
    <ClInclude Include="InterfaceEditor.h">
      <Filter>main</Filter>
    </ClInclude>
    <ClInclude Include="gui\allnode.h">
      <Filter>gui</Filter>
    </ClInclude>
    <ClInclude Include="gui\defines.h">
      <Filter>gui</Filter>
    </ClInclude>
    <ClInclude Include="gui\mousepointer.h">
      <Filter>gui</Filter>
    </ClInclude>
    <ClInclude Include="gui\node.h">
      <Filter>gui</Filter>
    </ClInclude>
    <ClInclude Include="gui\utils.h">
      <Filter>gui</Filter>
    </ClInclude>
  </ItemGroup>
</Project>