<?xml version="1.0" encoding="utf-8"?>
<Project ToolsVersion="4.0" xmlns="http://schemas.microsoft.com/developer/msbuild/2003">
  <ItemGroup>
    <Filter Include="Source Files">
      <UniqueIdentifier>{6ebd9703-8be9-48e4-b4c5-ac019c48c26e}</UniqueIdentifier>
      <Extensions>cpp;c;cxx;rc;def;r;odl;idl;hpj;bat</Extensions>
    </Filter>
    <Filter Include="Header Files">
      <UniqueIdentifier>{19283df6-bded-45bf-a726-7160207b8058}</UniqueIdentifier>
      <Extensions>h;hpp;hxx;hm;inl</Extensions>
    </Filter>
    <Filter Include="common">
      <UniqueIdentifier>{22ae4df5-5d1d-49d3-87d5-e015af03e711}</UniqueIdentifier>
    </Filter>
  </ItemGroup>
  <ItemGroup>
    <ClCompile Include="MAST.cpp">
      <Filter>Source Files</Filter>
    </ClCompile>
  </ItemGroup>
  <ItemGroup>
    <ClInclude Include="MAST.h">
      <Filter>Header Files</Filter>
    </ClInclude>
    <ClInclude Include="..\common_h\mast_msg.h">
      <Filter>common</Filter>
    </ClInclude>
  </ItemGroup>
</Project>