<?xml version="1.0" encoding="utf-8"?>
<Project ToolsVersion="4.0" xmlns="http://schemas.microsoft.com/developer/msbuild/2003">
  <ItemGroup>
    <Filter Include="Source Files">
      <UniqueIdentifier>{75796126-87fe-49f5-af7d-a5d72c0d7e73}</UniqueIdentifier>
      <Extensions>cpp;c;cxx;rc;def;r;odl;idl;hpj;bat</Extensions>
    </Filter>
    <Filter Include="Header Files">
      <UniqueIdentifier>{1817b005-f48b-432d-9c43-aa830a7ee774}</UniqueIdentifier>
      <Extensions>h;hpp;hxx;hm;inl</Extensions>
    </Filter>
    <Filter Include="Resource Files">
      <UniqueIdentifier>{d351f24a-6d7e-4e2f-8797-bf01096b6998}</UniqueIdentifier>
      <Extensions>ico;cur;bmp;dlg;rc2;rct;bin;rgs;gif;jpg;jpeg;jpe</Extensions>
    </Filter>
  </ItemGroup>
  <ItemGroup>
    <ClCompile Include="ActionInfo.cpp">
      <Filter>Source Files</Filter>
    </ClCompile>
    <ClCompile Include="ActionPlayerImp.cpp">
      <Filter>Source Files</Filter>
    </ClCompile>
    <ClCompile Include="AnimationImp.cpp">
      <Filter>Source Files</Filter>
    </ClCompile>
    <ClCompile Include="AnimationInfo.cpp">
      <Filter>Source Files</Filter>
    </ClCompile>
    <ClCompile Include="AnimationServiceImp.cpp">
      <Filter>Source Files</Filter>
    </ClCompile>
    <ClCompile Include="AnimationTimerImp.cpp">
      <Filter>Source Files</Filter>
    </ClCompile>
    <ClCompile Include="Bone.cpp">
      <Filter>Source Files</Filter>
    </ClCompile>
    <ClCompile Include="UserData.cpp">
      <Filter>Source Files</Filter>
    </ClCompile>
  </ItemGroup>
  <ItemGroup>
    <ClInclude Include="ActionInfo.h">
      <Filter>Header Files</Filter>
    </ClInclude>
    <ClInclude Include="ActionPlayerImp.h">
      <Filter>Header Files</Filter>
    </ClInclude>
    <ClInclude Include="an_file.h">
      <Filter>Header Files</Filter>
    </ClInclude>
    <ClInclude Include="..\Common_h\Animation.h">
      <Filter>Header Files</Filter>
    </ClInclude>
    <ClInclude Include="AnimationImp.h">
      <Filter>Header Files</Filter>
    </ClInclude>
    <ClInclude Include="AnimationInfo.h">
      <Filter>Header Files</Filter>
    </ClInclude>
    <ClInclude Include="AnimationServiceImp.h">
      <Filter>Header Files</Filter>
    </ClInclude>
    <ClInclude Include="AnimationTimerImp.h">
      <Filter>Header Files</Filter>
    </ClInclude>
    <ClInclude Include="Bone.h">
      <Filter>Header Files</Filter>
    </ClInclude>
    <ClInclude Include="..\Common_h\Matrix.h">
      <Filter>Header Files</Filter>
    </ClInclude>
    <ClInclude Include="UserData.h">
      <Filter>Header Files</Filter>
    </ClInclude>
  </ItemGroup>
</Project>