<?xml version="1.0" encoding="utf-8"?>
<Project ToolsVersion="4.0" xmlns="http://schemas.microsoft.com/developer/msbuild/2003">
  <ItemGroup>
    <Filter Include="Source Files">
      <UniqueIdentifier>{52972df8-33d3-45c9-bbb7-5a961368d7e6}</UniqueIdentifier>
      <Extensions>cpp;c;cxx;rc;def;r;odl;idl;hpj;bat</Extensions>
    </Filter>
    <Filter Include="Header Files">
      <UniqueIdentifier>{2b69ae2b-61ba-46c6-b635-6128eeda5c9e}</UniqueIdentifier>
      <Extensions>h;hpp;hxx;hm;inl</Extensions>
    </Filter>
    <Filter Include="Resource Files">
      <UniqueIdentifier>{aa06fc48-bc3f-4c93-8a19-eda3b9698128}</UniqueIdentifier>
      <Extensions>ico;cur;bmp;dlg;rc2;rct;bin;rgs;gif;jpg;jpeg;jpe</Extensions>
    </Filter>
  </ItemGroup>
  <ItemGroup>
    <ClCompile Include="..\COMMON_H\rands.cpp">
      <Filter>Source Files</Filter>
    </ClCompile>
    <ClCompile Include="TIVBufferManager.cpp">
      <Filter>Source Files</Filter>
    </ClCompile>
    <ClCompile Include="WaterRings.cpp">
      <Filter>Source Files</Filter>
    </ClCompile>
  </ItemGroup>
  <ItemGroup>
    <ClInclude Include="TIVBufferManager.h">
      <Filter>Header Files</Filter>
    </ClInclude>
    <ClInclude Include="WaterRings.h">
      <Filter>Header Files</Filter>
    </ClInclude>
  </ItemGroup>
</Project>