<?xml version="1.0" encoding="utf-8"?>
<Project ToolsVersion="4.0" xmlns="http://schemas.microsoft.com/developer/msbuild/2003">
  <ItemGroup>
    <Filter Include="Source Files">
      <UniqueIdentifier>{968f06f5-dff4-410a-9647-633e2b8e7ea8}</UniqueIdentifier>
      <Extensions>cpp;c;cxx;rc;def;r;odl;idl;hpj;bat</Extensions>
    </Filter>
    <Filter Include="Header Files">
      <UniqueIdentifier>{e6b4bef3-ee5f-4a87-a3e9-b3ecfe30afe1}</UniqueIdentifier>
      <Extensions>h;hpp;hxx;hm;inl</Extensions>
    </Filter>
  </ItemGroup>
  <ItemGroup>
    <ClCompile Include="DebugEntity.cpp">
      <Filter>Source Files</Filter>
    </ClCompile>
    <ClCompile Include="..\Common_h\rands.cpp">
      <Filter>Source Files</Filter>
    </ClCompile>
    <ClCompile Include="SoundService.cpp">
      <Filter>Source Files</Filter>
    </ClCompile>
    <ClCompile Include="VSoundService.cpp">
      <Filter>Source Files</Filter>
    </ClCompile>
  </ItemGroup>
  <ItemGroup>
    <ClInclude Include="DebugEntity.h">
      <Filter>Header Files</Filter>
    </ClInclude>
    <ClInclude Include="SoundDefines.h">
      <Filter>Header Files</Filter>
    </ClInclude>
    <ClInclude Include="SoundService.h">
      <Filter>Header Files</Filter>
    </ClInclude>
    <ClInclude Include="VSound.h">
      <Filter>Header Files</Filter>
    </ClInclude>
    <ClInclude Include="VSoundService.h">
      <Filter>Header Files</Filter>
    </ClInclude>
  </ItemGroup>
</Project>