<?xml version="1.0" encoding="utf-8"?>
<Project ToolsVersion="4.0" xmlns="http://schemas.microsoft.com/developer/msbuild/2003">
  <ItemGroup>
    <Filter Include="Source Files">
      <UniqueIdentifier>{968f06f5-dff4-410a-9647-633e2b8e7ea8}</UniqueIdentifier>
      <Extensions>cpp;c;cxx;rc;def;r;odl;idl;hpj;bat</Extensions>
    </Filter>
    <Filter Include="Header Files">
      <UniqueIdentifier>{e6b4bef3-ee5f-4a87-a3e9-b3ecfe30afe1}</UniqueIdentifier>
      <Extensions>h;hpp;hxx;hm;inl</Extensions>
    </Filter>
    <Filter Include="FMOD">
      <UniqueIdentifier>{565acfc2-dd21-452f-a2d5-f1194ade2fbb}</UniqueIdentifier>
    </Filter>
    <Filter Include="DLL">
      <UniqueIdentifier>{7b435a73-d910-4eab-848d-e7d68d4fdc86}</UniqueIdentifier>
    </Filter>
  </ItemGroup>
  <ItemGroup>
    <ClCompile Include="DebugEntity.cpp">
      <Filter>Source Files</Filter>
    </ClCompile>
    <ClCompile Include="..\Common_h\rands.cpp">
      <Filter>Source Files</Filter>
    </ClCompile>
    <ClCompile Include="SoundService.cpp">
      <Filter>Source Files</Filter>
    </ClCompile>
    <ClCompile Include="VSoundService.cpp">
      <Filter>Source Files</Filter>
    </ClCompile>
  </ItemGroup>
  <ItemGroup>
    <ClInclude Include="DebugEntity.h">
      <Filter>Header Files</Filter>
    </ClInclude>
    <ClInclude Include="SoundDefines.h">
      <Filter>Header Files</Filter>
    </ClInclude>
    <ClInclude Include="SoundService.h">
      <Filter>Header Files</Filter>
    </ClInclude>
    <ClInclude Include="VSound.h">
      <Filter>Header Files</Filter>
    </ClInclude>
    <ClInclude Include="VSoundService.h">
      <Filter>Header Files</Filter>
    </ClInclude>
    <ClInclude Include="Fmod4\api\inc\fmod.h">
      <Filter>FMOD</Filter>
    </ClInclude>
    <ClInclude Include="Fmod4\api\inc\fmod.hpp">
      <Filter>FMOD</Filter>
    </ClInclude>
    <ClInclude Include="Fmod4\api\inc\fmod_codec.h">
      <Filter>FMOD</Filter>
    </ClInclude>
    <ClInclude Include="Fmod4\api\inc\fmod_dsp.h">
      <Filter>FMOD</Filter>
    </ClInclude>
    <ClInclude Include="Fmod4\api\inc\fmod_errors.h">
      <Filter>FMOD</Filter>
    </ClInclude>
    <ClInclude Include="Fmod4\api\inc\fmod_output.h">
      <Filter>FMOD</Filter>
    </ClInclude>
  </ItemGroup>
  <ItemGroup>
    <Library Include="Fmod4\api\lib\fmodex_vc.lib">
      <Filter>FMOD</Filter>
    </Library>
  </ItemGroup>
  <ItemGroup>
    <Text Include="Fmod4\api\lib\which library do I use.txt">
      <Filter>FMOD</Filter>
    </Text>
  </ItemGroup>
  <ItemGroup>
    <None Include="..\Engine\fmodex.dll">
      <Filter>DLL</Filter>
    </None>
  </ItemGroup>
</Project>